
Microsoft Visual Studio Solution File, Format Version 12.00
# Visual Studio 16
Project("{FAE04EC0-301F-11D3-BF4B-00C04F79EFBC}") = "Assembly-CSharp", "Assembly-CSharp.csproj", "{B9B56382-FEBE-84FC-5658-CCEFD84C0621}"
EndProject
Project("{FAE04EC0-301F-11D3-BF4B-00C04F79EFBC}") = "Assembly-CSharp-Editor", "Assembly-CSharp-Editor.csproj", "{A5C33A6D-A832-5156-DDE0-1C9C7EF54057}"
EndProject
Global
	GlobalSection(SolutionConfigurationPlatforms) = preSolution
		Debug|Any CPU = Debug|Any CPU
		Release|Any CPU = Release|Any CPU
	EndGlobalSection
	GlobalSection(ProjectConfigurationPlatforms) = postSolution
		{B9B56382-FEBE-84FC-5658-CCEFD84C0621}.Debug|Any CPU.ActiveCfg = Debug|Any CPU
		{B9B56382-FEBE-84FC-5658-CCEFD84C0621}.Debug|Any CPU.Build.0 = Debug|Any CPU
		{B9B56382-FEBE-84FC-5658-CCEFD84C0621}.Release|Any CPU.ActiveCfg = Release|Any CPU
		{B9B56382-FEBE-84FC-5658-CCEFD84C0621}.Release|Any CPU.Build.0 = Release|Any CPU
		{A5C33A6D-A832-5156-DDE0-1C9C7EF54057}.Debug|Any CPU.ActiveCfg = Debug|Any CPU
		{A5C33A6D-A832-5156-DDE0-1C9C7EF54057}.Debug|Any CPU.Build.0 = Debug|Any CPU
		{A5C33A6D-A832-5156-DDE0-1C9C7EF54057}.Release|Any CPU.ActiveCfg = Release|Any CPU
		{A5C33A6D-A832-5156-DDE0-1C9C7EF54057}.Release|Any CPU.Build.0 = Release|Any CPU
	EndGlobalSection
	GlobalSection(SolutionProperties) = preSolution
		HideSolutionNode = FALSE
	EndGlobalSection
EndGlobal
